
Microsoft Visual Studio Solution File, Format Version 12.00
# Visual Studio Version 16
VisualStudioVersion = 16.0.31321.278
MinimumVisualStudioVersion = 10.0.40219.1
Project("{FAE04EC0-301F-11D3-BF4B-00C04F79EFBC}") = "Asset-and-Maintenance-Management-System", "Asset-and-Maintenance-Management-System.csproj", "{03A30F95-C3EA-400B-9990-FD192A033CEC}"
EndProject
Global
	GlobalSection(SolutionConfigurationPlatforms) = preSolution
		Debug|Any CPU = Debug|Any CPU
		Release|Any CPU = Release|Any CPU
	EndGlobalSection
	GlobalSection(ProjectConfigurationPlatforms) = postSolution
		{03A30F95-C3EA-400B-9990-FD192A033CEC}.Debug|Any CPU.ActiveCfg = Debug|Any CPU
		{03A30F95-C3EA-400B-9990-FD192A033CEC}.Debug|Any CPU.Build.0 = Debug|Any CPU
		{03A30F95-C3EA-400B-9990-FD192A033CEC}.Release|Any CPU.ActiveCfg = Release|Any CPU
		{03A30F95-C3EA-400B-9990-FD192A033CEC}.Release|Any CPU.Build.0 = Release|Any CPU
	EndGlobalSection
	GlobalSection(SolutionProperties) = preSolution
		HideSolutionNode = FALSE
	EndGlobalSection
	GlobalSection(ExtensibilityGlobals) = postSolution
		SolutionGuid = {FFD81886-C229-4A4E-94D3-A4CB151906E4}
	EndGlobalSection
EndGlobal
